
Microsoft Visual Studio Solution File, Format Version 12.00
# Visual Studio Version 17
VisualStudioVersion = 17.3.32929.385
MinimumVisualStudioVersion = 10.0.40219.1
Project("{FAE04EC0-301F-11D3-BF4B-00C04F79EFBC}") = "KAWalks.API", "KAWalks.API\KAWalks.API.csproj", "{742A52A7-0A1E-4EC0-B96D-478F055C9895}"
EndProject
Global
	GlobalSection(SolutionConfigurationPlatforms) = preSolution
		Debug|Any CPU = Debug|Any CPU
		Release|Any CPU = Release|Any CPU
	EndGlobalSection
	GlobalSection(ProjectConfigurationPlatforms) = postSolution
		{742A52A7-0A1E-4EC0-B96D-478F055C9895}.Debug|Any CPU.ActiveCfg = Debug|Any CPU
		{742A52A7-0A1E-4EC0-B96D-478F055C9895}.Debug|Any CPU.Build.0 = Debug|Any CPU
		{742A52A7-0A1E-4EC0-B96D-478F055C9895}.Release|Any CPU.ActiveCfg = Release|Any CPU
		{742A52A7-0A1E-4EC0-B96D-478F055C9895}.Release|Any CPU.Build.0 = Release|Any CPU
	EndGlobalSection
	GlobalSection(SolutionProperties) = preSolution
		HideSolutionNode = FALSE
	EndGlobalSection
	GlobalSection(ExtensibilityGlobals) = postSolution
		SolutionGuid = {11C48246-41F6-4928-84D4-D3107C7B7C5B}
	EndGlobalSection
EndGlobal
